
Microsoft Visual Studio Solution File, Format Version 12.00
# Visual Studio Version 17
VisualStudioVersion = 17.7.34031.279
MinimumVisualStudioVersion = 10.0.40219.1
Project("{FAE04EC0-301F-11D3-BF4B-00C04F79EFBC}") = "Aicode", "Aicode\Aicode.csproj", "{5F5E9D10-E749-43E6-BC84-0800A2CF380C}"
EndProject
Global
	GlobalSection(SolutionConfigurationPlatforms) = preSolution
		Debug|Any CPU = Debug|Any CPU
		Release|Any CPU = Release|Any CPU
	EndGlobalSection
	GlobalSection(ProjectConfigurationPlatforms) = postSolution
		{5F5E9D10-E749-43E6-BC84-0800A2CF380C}.Debug|Any CPU.ActiveCfg = Debug|Any CPU
		{5F5E9D10-E749-43E6-BC84-0800A2CF380C}.Debug|Any CPU.Build.0 = Debug|Any CPU
		{5F5E9D10-E749-43E6-BC84-0800A2CF380C}.Release|Any CPU.ActiveCfg = Release|Any CPU
		{5F5E9D10-E749-43E6-BC84-0800A2CF380C}.Release|Any CPU.Build.0 = Release|Any CPU
	EndGlobalSection
	GlobalSection(SolutionProperties) = preSolution
		HideSolutionNode = FALSE
	EndGlobalSection
	GlobalSection(ExtensibilityGlobals) = postSolution
		SolutionGuid = {F1A43CF7-E5A0-4AF5-B206-FFD2BC30624C}
	EndGlobalSection
EndGlobal
